
Microsoft Visual Studio Solution File, Format Version 12.00
# Visual Studio Version 17
VisualStudioVersion = 17.9.34616.47
MinimumVisualStudioVersion = 10.0.40219.1
Project("{FAE04EC0-301F-11D3-BF4B-00C04F79EFBC}") = "NETMauiApp", "NETMauiApp\NETMauiApp.csproj", "{FEF381CE-119E-477C-A6C5-D6529760F64C}"
EndProject
Global
	GlobalSection(SolutionConfigurationPlatforms) = preSolution
		Debug|Any CPU = Debug|Any CPU
		Release|Any CPU = Release|Any CPU
	EndGlobalSection
	GlobalSection(ProjectConfigurationPlatforms) = postSolution
		{FEF381CE-119E-477C-A6C5-D6529760F64C}.Debug|Any CPU.ActiveCfg = Debug|Any CPU
		{FEF381CE-119E-477C-A6C5-D6529760F64C}.Debug|Any CPU.Build.0 = Debug|Any CPU
		{FEF381CE-119E-477C-A6C5-D6529760F64C}.Debug|Any CPU.Deploy.0 = Debug|Any CPU
		{FEF381CE-119E-477C-A6C5-D6529760F64C}.Release|Any CPU.ActiveCfg = Release|Any CPU
		{FEF381CE-119E-477C-A6C5-D6529760F64C}.Release|Any CPU.Build.0 = Release|Any CPU
		{FEF381CE-119E-477C-A6C5-D6529760F64C}.Release|Any CPU.Deploy.0 = Release|Any CPU
	EndGlobalSection
	GlobalSection(SolutionProperties) = preSolution
		HideSolutionNode = FALSE
	EndGlobalSection
	GlobalSection(ExtensibilityGlobals) = postSolution
		SolutionGuid = {C6BE9B17-80E9-4636-9268-29775C625FE7}
	EndGlobalSection
EndGlobal
