
Microsoft Visual Studio Solution File, Format Version 12.00
# Visual Studio Version 17
VisualStudioVersion = 17.9.34616.47
MinimumVisualStudioVersion = 10.0.40219.1
Project("{FAE04EC0-301F-11D3-BF4B-00C04F79EFBC}") = "BlazorCustomElements", "BlazorCustomElements\BlazorCustomElements.csproj", "{73385E93-C115-43F0-8963-FF3374FAE36B}"
EndProject
Global
	GlobalSection(SolutionConfigurationPlatforms) = preSolution
		Debug|Any CPU = Debug|Any CPU
		Release|Any CPU = Release|Any CPU
	EndGlobalSection
	GlobalSection(ProjectConfigurationPlatforms) = postSolution
		{73385E93-C115-43F0-8963-FF3374FAE36B}.Debug|Any CPU.ActiveCfg = Debug|Any CPU
		{73385E93-C115-43F0-8963-FF3374FAE36B}.Debug|Any CPU.Build.0 = Debug|Any CPU
		{73385E93-C115-43F0-8963-FF3374FAE36B}.Release|Any CPU.ActiveCfg = Release|Any CPU
		{73385E93-C115-43F0-8963-FF3374FAE36B}.Release|Any CPU.Build.0 = Release|Any CPU
	EndGlobalSection
	GlobalSection(SolutionProperties) = preSolution
		HideSolutionNode = FALSE
	EndGlobalSection
	GlobalSection(ExtensibilityGlobals) = postSolution
		SolutionGuid = {EE16BFD8-254C-4DEC-9700-2903E2FD0525}
	EndGlobalSection
EndGlobal
